
Microsoft Visual Studio Solution File, Format Version 12.00
# Visual Studio Version 17
VisualStudioVersion = 17.3.32929.385
MinimumVisualStudioVersion = 10.0.40219.1
Project("{9A19103F-16F7-4668-BE54-9A1E7A4F7556}") = "DominoForm", "DominoForm\DominoForm.csproj", "{4A53A644-01D4-42CA-A6A2-B79E7AD01B53}"
EndProject
Project("{9A19103F-16F7-4668-BE54-9A1E7A4F7556}") = "WebSocket1", "..\WebSocket1\WebSocket1\WebSocket1.csproj", "{A3986CCB-FB65-4D9B-A6D5-2FEF1B43FA30}"
EndProject
Global
	GlobalSection(SolutionConfigurationPlatforms) = preSolution
		Debug|Any CPU = Debug|Any CPU
		Debug|x64 = Debug|x64
		Release|Any CPU = Release|Any CPU
		Release|x64 = Release|x64
	EndGlobalSection
	GlobalSection(ProjectConfigurationPlatforms) = postSolution
		{4A53A644-01D4-42CA-A6A2-B79E7AD01B53}.Debug|Any CPU.ActiveCfg = Debug|Any CPU
		{4A53A644-01D4-42CA-A6A2-B79E7AD01B53}.Debug|Any CPU.Build.0 = Debug|Any CPU
		{4A53A644-01D4-42CA-A6A2-B79E7AD01B53}.Debug|x64.ActiveCfg = Debug|Any CPU
		{4A53A644-01D4-42CA-A6A2-B79E7AD01B53}.Debug|x64.Build.0 = Debug|Any CPU
		{4A53A644-01D4-42CA-A6A2-B79E7AD01B53}.Release|Any CPU.ActiveCfg = Release|Any CPU
		{4A53A644-01D4-42CA-A6A2-B79E7AD01B53}.Release|Any CPU.Build.0 = Release|Any CPU
		{4A53A644-01D4-42CA-A6A2-B79E7AD01B53}.Release|x64.ActiveCfg = Release|Any CPU
		{4A53A644-01D4-42CA-A6A2-B79E7AD01B53}.Release|x64.Build.0 = Release|Any CPU
		{A3986CCB-FB65-4D9B-A6D5-2FEF1B43FA30}.Debug|Any CPU.ActiveCfg = Debug|Any CPU
		{A3986CCB-FB65-4D9B-A6D5-2FEF1B43FA30}.Debug|Any CPU.Build.0 = Debug|Any CPU
		{A3986CCB-FB65-4D9B-A6D5-2FEF1B43FA30}.Debug|x64.ActiveCfg = Debug|Any CPU
		{A3986CCB-FB65-4D9B-A6D5-2FEF1B43FA30}.Debug|x64.Build.0 = Debug|Any CPU
		{A3986CCB-FB65-4D9B-A6D5-2FEF1B43FA30}.Release|Any CPU.ActiveCfg = Release|Any CPU
		{A3986CCB-FB65-4D9B-A6D5-2FEF1B43FA30}.Release|Any CPU.Build.0 = Release|Any CPU
		{A3986CCB-FB65-4D9B-A6D5-2FEF1B43FA30}.Release|x64.ActiveCfg = Release|Any CPU
		{A3986CCB-FB65-4D9B-A6D5-2FEF1B43FA30}.Release|x64.Build.0 = Release|Any CPU
	EndGlobalSection
	GlobalSection(SolutionProperties) = preSolution
		HideSolutionNode = FALSE
	EndGlobalSection
	GlobalSection(ExtensibilityGlobals) = postSolution
		SolutionGuid = {B4C149A0-EF07-4DB6-A2B2-E10B1BEB95EC}
	EndGlobalSection
EndGlobal
